
Microsoft Visual Studio Solution File, Format Version 12.00
# Visual Studio Version 17
VisualStudioVersion = 17.12.35707.178 d17.12
MinimumVisualStudioVersion = 10.0.40219.1
Project("{FAE04EC0-301F-11D3-BF4B-00C04F79EFBC}") = "MobileApp", "MobileApp\MobileApp.csproj", "{FEA1CECF-3C6B-42BC-9660-FCB45A1C0D0E}"
EndProject
Global
	GlobalSection(SolutionConfigurationPlatforms) = preSolution
		Debug|Any CPU = Debug|Any CPU
		Release|Any CPU = Release|Any CPU
	EndGlobalSection
	GlobalSection(ProjectConfigurationPlatforms) = postSolution
		{FEA1CECF-3C6B-42BC-9660-FCB45A1C0D0E}.Debug|Any CPU.ActiveCfg = Debug|Any CPU
		{FEA1CECF-3C6B-42BC-9660-FCB45A1C0D0E}.Debug|Any CPU.Build.0 = Debug|Any CPU
		{FEA1CECF-3C6B-42BC-9660-FCB45A1C0D0E}.Debug|Any CPU.Deploy.0 = Debug|Any CPU
		{FEA1CECF-3C6B-42BC-9660-FCB45A1C0D0E}.Release|Any CPU.ActiveCfg = Release|Any CPU
		{FEA1CECF-3C6B-42BC-9660-FCB45A1C0D0E}.Release|Any CPU.Build.0 = Release|Any CPU
		{FEA1CECF-3C6B-42BC-9660-FCB45A1C0D0E}.Release|Any CPU.Deploy.0 = Release|Any CPU
	EndGlobalSection
	GlobalSection(SolutionProperties) = preSolution
		HideSolutionNode = FALSE
	EndGlobalSection
EndGlobal
