
Microsoft Visual Studio Solution File, Format Version 12.00
# Visual Studio Version 17
VisualStudioVersion = 17.12.35707.178 d17.12
MinimumVisualStudioVersion = 10.0.40219.1
Project("{FAE04EC0-301F-11D3-BF4B-00C04F79EFBC}") = "ukoly2", "ukoly2\ukoly2.csproj", "{1EDF6BF4-1829-4C87-BFCD-63790AEC39C5}"
EndProject
Global
	GlobalSection(SolutionConfigurationPlatforms) = preSolution
		Debug|Any CPU = Debug|Any CPU
		Release|Any CPU = Release|Any CPU
	EndGlobalSection
	GlobalSection(ProjectConfigurationPlatforms) = postSolution
		{1EDF6BF4-1829-4C87-BFCD-63790AEC39C5}.Debug|Any CPU.ActiveCfg = Debug|Any CPU
		{1EDF6BF4-1829-4C87-BFCD-63790AEC39C5}.Debug|Any CPU.Build.0 = Debug|Any CPU
		{1EDF6BF4-1829-4C87-BFCD-63790AEC39C5}.Release|Any CPU.ActiveCfg = Release|Any CPU
		{1EDF6BF4-1829-4C87-BFCD-63790AEC39C5}.Release|Any CPU.Build.0 = Release|Any CPU
	EndGlobalSection
	GlobalSection(SolutionProperties) = preSolution
		HideSolutionNode = FALSE
	EndGlobalSection
EndGlobal
